
Microsoft Visual Studio Solution File, Format Version 12.00
# Visual Studio Version 17
VisualStudioVersion = 17.14.36811.4 d17.14
MinimumVisualStudioVersion = 10.0.40219.1
Project("{FAE04EC0-301F-11D3-BF4B-00C04F79EFBC}") = "ConsoleApp1", "ConsoleApp1\ConsoleApp1.csproj", "{EAC99C17-39B0-4935-B3B0-414280579C94}"
EndProject
Global
	GlobalSection(SolutionConfigurationPlatforms) = preSolution
		Debug|Any CPU = Debug|Any CPU
		Release|Any CPU = Release|Any CPU
	EndGlobalSection
	GlobalSection(ProjectConfigurationPlatforms) = postSolution
		{EAC99C17-39B0-4935-B3B0-414280579C94}.Debug|Any CPU.ActiveCfg = Debug|Any CPU
		{EAC99C17-39B0-4935-B3B0-414280579C94}.Debug|Any CPU.Build.0 = Debug|Any CPU
		{EAC99C17-39B0-4935-B3B0-414280579C94}.Release|Any CPU.ActiveCfg = Release|Any CPU
		{EAC99C17-39B0-4935-B3B0-414280579C94}.Release|Any CPU.Build.0 = Release|Any CPU
	EndGlobalSection
	GlobalSection(SolutionProperties) = preSolution
		HideSolutionNode = FALSE
	EndGlobalSection
	GlobalSection(ExtensibilityGlobals) = postSolution
		SolutionGuid = {CBE70ABB-D4F4-4EE1-92D1-5D341D9883EE}
	EndGlobalSection
EndGlobal
